
Microsoft Visual Studio Solution File, Format Version 12.00
# Visual Studio Version 16
VisualStudioVersion = 16.0.31515.178
MinimumVisualStudioVersion = 10.0.40219.1
Project("{9A19103F-16F7-4668-BE54-9A1E7A4F7556}") = "Selenium_Tests", "Selenium_Tests.csproj", "{A1F1C943-DAE2-4EBF-A288-59D772168A71}"
EndProject
Global
	GlobalSection(SolutionConfigurationPlatforms) = preSolution
		Debug|Any CPU = Debug|Any CPU
		Release|Any CPU = Release|Any CPU
	EndGlobalSection
	GlobalSection(ProjectConfigurationPlatforms) = postSolution
		{A1F1C943-DAE2-4EBF-A288-59D772168A71}.Debug|Any CPU.ActiveCfg = Debug|Any CPU
		{A1F1C943-DAE2-4EBF-A288-59D772168A71}.Debug|Any CPU.Build.0 = Debug|Any CPU
		{A1F1C943-DAE2-4EBF-A288-59D772168A71}.Release|Any CPU.ActiveCfg = Release|Any CPU
		{A1F1C943-DAE2-4EBF-A288-59D772168A71}.Release|Any CPU.Build.0 = Release|Any CPU
	EndGlobalSection
	GlobalSection(SolutionProperties) = preSolution
		HideSolutionNode = FALSE
	EndGlobalSection
	GlobalSection(ExtensibilityGlobals) = postSolution
		SolutionGuid = {CAE66E4F-4933-49FE-9A58-B52B9CE5803C}
	EndGlobalSection
EndGlobal
